
Microsoft Visual Studio Solution File, Format Version 12.00
# Visual Studio Version 17
VisualStudioVersion = 17.2.32414.248
MinimumVisualStudioVersion = 10.0.40219.1
Project("{9A19103F-16F7-4668-BE54-9A1E7A4F7556}") = "TestLibrary", "TestLibrary\TestLibrary.csproj", "{A044EA5D-5188-40A6-8121-76BF72BAFF8C}"
EndProject
Project("{9A19103F-16F7-4668-BE54-9A1E7A4F7556}") = "Net6", "Net6\Net6.csproj", "{35017184-6DF5-4097-B3E7-9440D6CB145A}"
EndProject
Project("{9A19103F-16F7-4668-BE54-9A1E7A4F7556}") = "WebApi", "WebApi\WebApi.csproj", "{9D4AB8AD-0DDD-4039-A73A-4F66AF46CE85}"
EndProject
Project("{2150E333-8FDC-42A3-9474-1A3956D46DE8}") = "Solution Items", "Solution Items", "{45189505-9A5A-4FEB-A1CC-5832E4CC31ED}"
	ProjectSection(SolutionItems) = preProject
		.editorconfig = .editorconfig
	EndProjectSection
EndProject
Project("{FAE04EC0-301F-11D3-BF4B-00C04F79EFBC}") = "MyNetFramework", "MyNetFramework\MyNetFramework.csproj", "{C870BC93-B3A4-4DF2-ACE1-B3BDABCC27D3}"
EndProject
Global
	GlobalSection(SolutionConfigurationPlatforms) = preSolution
		Debug|Any CPU = Debug|Any CPU
		Release|Any CPU = Release|Any CPU
	EndGlobalSection
	GlobalSection(ProjectConfigurationPlatforms) = postSolution
		{A044EA5D-5188-40A6-8121-76BF72BAFF8C}.Debug|Any CPU.ActiveCfg = Debug|Any CPU
		{A044EA5D-5188-40A6-8121-76BF72BAFF8C}.Debug|Any CPU.Build.0 = Debug|Any CPU
		{A044EA5D-5188-40A6-8121-76BF72BAFF8C}.Release|Any CPU.ActiveCfg = Release|Any CPU
		{A044EA5D-5188-40A6-8121-76BF72BAFF8C}.Release|Any CPU.Build.0 = Release|Any CPU
		{35017184-6DF5-4097-B3E7-9440D6CB145A}.Debug|Any CPU.ActiveCfg = Debug|Any CPU
		{35017184-6DF5-4097-B3E7-9440D6CB145A}.Debug|Any CPU.Build.0 = Debug|Any CPU
		{35017184-6DF5-4097-B3E7-9440D6CB145A}.Release|Any CPU.ActiveCfg = Release|Any CPU
		{35017184-6DF5-4097-B3E7-9440D6CB145A}.Release|Any CPU.Build.0 = Release|Any CPU
		{9D4AB8AD-0DDD-4039-A73A-4F66AF46CE85}.Debug|Any CPU.ActiveCfg = Debug|Any CPU
		{9D4AB8AD-0DDD-4039-A73A-4F66AF46CE85}.Debug|Any CPU.Build.0 = Debug|Any CPU
		{9D4AB8AD-0DDD-4039-A73A-4F66AF46CE85}.Release|Any CPU.ActiveCfg = Release|Any CPU
		{9D4AB8AD-0DDD-4039-A73A-4F66AF46CE85}.Release|Any CPU.Build.0 = Release|Any CPU
		{C870BC93-B3A4-4DF2-ACE1-B3BDABCC27D3}.Debug|Any CPU.ActiveCfg = Debug|Any CPU
		{C870BC93-B3A4-4DF2-ACE1-B3BDABCC27D3}.Debug|Any CPU.Build.0 = Debug|Any CPU
		{C870BC93-B3A4-4DF2-ACE1-B3BDABCC27D3}.Release|Any CPU.ActiveCfg = Release|Any CPU
		{C870BC93-B3A4-4DF2-ACE1-B3BDABCC27D3}.Release|Any CPU.Build.0 = Release|Any CPU
	EndGlobalSection
	GlobalSection(SolutionProperties) = preSolution
		HideSolutionNode = FALSE
	EndGlobalSection
	GlobalSection(ExtensibilityGlobals) = postSolution
		SolutionGuid = {1DFBEB8C-50D5-43BA-99B2-8D74508394DB}
	EndGlobalSection
EndGlobal
